
Microsoft Visual Studio Solution File, Format Version 12.00
# Visual Studio Version 17
VisualStudioVersion = 17.11.35208.52
MinimumVisualStudioVersion = 10.0.40219.1
Project("{888888A0-9F3D-457C-B088-3A5042F75D52}") = "Quantitative CV Model", "Quantitative CV Model\Quantitative CV Model.pyproj", "{9E127ACF-F715-4758-9EDE-13E45D983BE4}"
EndProject
Global
	GlobalSection(SolutionConfigurationPlatforms) = preSolution
		Debug|Any CPU = Debug|Any CPU
		Release|Any CPU = Release|Any CPU
	EndGlobalSection
	GlobalSection(ProjectConfigurationPlatforms) = postSolution
		{9E127ACF-F715-4758-9EDE-13E45D983BE4}.Debug|Any CPU.ActiveCfg = Debug|Any CPU
		{9E127ACF-F715-4758-9EDE-13E45D983BE4}.Release|Any CPU.ActiveCfg = Release|Any CPU
	EndGlobalSection
	GlobalSection(SolutionProperties) = preSolution
		HideSolutionNode = FALSE
	EndGlobalSection
	GlobalSection(ExtensibilityGlobals) = postSolution
		SolutionGuid = {2DE0626E-186B-48AA-8B96-6876A0026B54}
	EndGlobalSection
EndGlobal
